<Solution>
  <Folder Name="/src/">
    <Project Path="src/SGL.JudgeDredd.Core/SGL.JudgeDredd.Core.csproj" />
    <Project Path="src/SGL.JudgeDredd.Shared/SGL.JudgeDredd.Shared.csproj" />
    <Project Path="src/SGL.JudgeDredd.Api.Contracts/SGL.JudgeDredd.Api.Contracts.csproj" />
    <Project Path="src/SGL.JudgeDredd.App/SGL.JudgeDredd.App.csproj" />
    <Project Path="src/SGL.JudgeDredd.Server/SGL.JudgeDredd.Server.csproj" />
    <Project Path="src/SGL.JudgeDredd.Antivirus/SGL.JudgeDredd.Antivirus.csproj" />
    <Project Path="src/SGL.JudgeDredd.Firewall/SGL.JudgeDredd.Firewall.csproj" />
    <Project Path="src/SGL.JudgeDredd.KnowledgeBase/SGL.JudgeDredd.KnowledgeBase.csproj" />
    <Project Path="src/SGL.JudgeDredd.LLM/SGL.JudgeDredd.LLM.csproj" />
    <Project Path="src/SGL.JudgeDredd.Security/SGL.JudgeDredd.Security.csproj" />
    <Project Path="src/SGL.JudgeDredd.Service/SGL.JudgeDredd.Service.csproj" />
  </Folder>
</Solution>
